
Microsoft Visual Studio Solution File, Format Version 12.00
# Visual Studio Version 17
VisualStudioVersion = 17.12.35527.113 d17.12
MinimumVisualStudioVersion = 10.0.40219.1
Project("{FAE04EC0-301F-11D3-BF4B-00C04F79EFBC}") = "SmartMeds.Web", "SmartMeds.Web.csproj", "{B863F1D9-356D-4CE1-B682-A3AE2F746168}"
EndProject
Project("{FAE04EC0-301F-11D3-BF4B-00C04F79EFBC}") = "SmartMeds.Data", "..\SmartMeds.Data\SmartMeds.Data.csproj", "{2B71DD22-0959-411F-BF0B-8B91A57D623F}"
EndProject
Project("{FAE04EC0-301F-11D3-BF4B-00C04F79EFBC}") = "SmartMeds.Core", "..\SmartMeds.Core\SmartMeds.Core.csproj", "{FDCE6FFC-3460-442E-9C37-76A902D8E37E}"
EndProject
Global
	GlobalSection(SolutionConfigurationPlatforms) = preSolution
		Debug|Any CPU = Debug|Any CPU
		Release|Any CPU = Release|Any CPU
	EndGlobalSection
	GlobalSection(ProjectConfigurationPlatforms) = postSolution
		{B863F1D9-356D-4CE1-B682-A3AE2F746168}.Debug|Any CPU.ActiveCfg = Debug|Any CPU
		{B863F1D9-356D-4CE1-B682-A3AE2F746168}.Debug|Any CPU.Build.0 = Debug|Any CPU
		{B863F1D9-356D-4CE1-B682-A3AE2F746168}.Release|Any CPU.ActiveCfg = Release|Any CPU
		{B863F1D9-356D-4CE1-B682-A3AE2F746168}.Release|Any CPU.Build.0 = Release|Any CPU
		{2B71DD22-0959-411F-BF0B-8B91A57D623F}.Debug|Any CPU.ActiveCfg = Debug|Any CPU
		{2B71DD22-0959-411F-BF0B-8B91A57D623F}.Debug|Any CPU.Build.0 = Debug|Any CPU
		{2B71DD22-0959-411F-BF0B-8B91A57D623F}.Release|Any CPU.ActiveCfg = Release|Any CPU
		{2B71DD22-0959-411F-BF0B-8B91A57D623F}.Release|Any CPU.Build.0 = Release|Any CPU
		{FDCE6FFC-3460-442E-9C37-76A902D8E37E}.Debug|Any CPU.ActiveCfg = Debug|Any CPU
		{FDCE6FFC-3460-442E-9C37-76A902D8E37E}.Debug|Any CPU.Build.0 = Debug|Any CPU
		{FDCE6FFC-3460-442E-9C37-76A902D8E37E}.Release|Any CPU.ActiveCfg = Release|Any CPU
		{FDCE6FFC-3460-442E-9C37-76A902D8E37E}.Release|Any CPU.Build.0 = Release|Any CPU
	EndGlobalSection
	GlobalSection(SolutionProperties) = preSolution
		HideSolutionNode = FALSE
	EndGlobalSection
EndGlobal
